
Microsoft Visual Studio Solution File, Format Version 12.00
# Visual Studio Version 16
VisualStudioVersion = 16.0.30804.86
MinimumVisualStudioVersion = 10.0.40219.1
Project("{8BC9CEB8-8B4A-11D0-8D11-00A0C91BC942}") = "3D Model of St. Sylvester’s College Building", "3D Model of St. Sylvester’s College Building.vcxproj", "{9229D416-735B-47A5-89F6-0A17F8FF579D}"
EndProject
Global
	GlobalSection(SolutionConfigurationPlatforms) = preSolution
		Debug|x64 = Debug|x64
		Debug|x86 = Debug|x86
		Release|x64 = Release|x64
		Release|x86 = Release|x86
	EndGlobalSection
	GlobalSection(ProjectConfigurationPlatforms) = postSolution
		{9229D416-735B-47A5-89F6-0A17F8FF579D}.Debug|x64.ActiveCfg = Debug|x64
		{9229D416-735B-47A5-89F6-0A17F8FF579D}.Debug|x64.Build.0 = Debug|x64
		{9229D416-735B-47A5-89F6-0A17F8FF579D}.Debug|x86.ActiveCfg = Debug|Win32
		{9229D416-735B-47A5-89F6-0A17F8FF579D}.Debug|x86.Build.0 = Debug|Win32
		{9229D416-735B-47A5-89F6-0A17F8FF579D}.Release|x64.ActiveCfg = Release|x64
		{9229D416-735B-47A5-89F6-0A17F8FF579D}.Release|x64.Build.0 = Release|x64
		{9229D416-735B-47A5-89F6-0A17F8FF579D}.Release|x86.ActiveCfg = Release|Win32
		{9229D416-735B-47A5-89F6-0A17F8FF579D}.Release|x86.Build.0 = Release|Win32
	EndGlobalSection
	GlobalSection(SolutionProperties) = preSolution
		HideSolutionNode = FALSE
	EndGlobalSection
	GlobalSection(ExtensibilityGlobals) = postSolution
		SolutionGuid = {61B30311-EEC2-49E5-9A42-F7095F404BFE}
	EndGlobalSection
EndGlobal
